<?xml version="1.0" encoding="utf-8"?>
<Project ToolsVersion="4.0" xmlns="http://schemas.microsoft.com/developer/msbuild/2003">
  <ItemGroup>
    <Filter Include="AngA">
      <UniqueIdentifier>{9C95827C-88CC-830D-31B9-69101DCFFF0E}</UniqueIdentifier>
    </Filter>
    <Filter Include="AngA\Events">
      <UniqueIdentifier>{005ABC2A-6C0F-3520-F503-2FF761B82B24}</UniqueIdentifier>
    </Filter>
  </ItemGroup>
  <ItemGroup>
    <ClInclude Include="src\AngA.h" />
    <ClInclude Include="src\AngA\Application.h">
      <Filter>AngA</Filter>
    </ClInclude>
    <ClInclude Include="src\AngA\Core.h">
      <Filter>AngA</Filter>
    </ClInclude>
    <ClInclude Include="src\AngA\EntryPoint.h">
      <Filter>AngA</Filter>
    </ClInclude>
    <ClInclude Include="src\AngA\Events\ApplicationEvent.h">
      <Filter>AngA\Events</Filter>
    </ClInclude>
    <ClInclude Include="src\AngA\Events\Event.h">
      <Filter>AngA\Events</Filter>
    </ClInclude>
    <ClInclude Include="src\AngA\Events\KeyEvent.h">
      <Filter>AngA\Events</Filter>
    </ClInclude>
    <ClInclude Include="src\AngA\Events\MouseEvent.h">
      <Filter>AngA\Events</Filter>
    </ClInclude>
    <ClInclude Include="src\AngA\Log.h">
      <Filter>AngA</Filter>
    </ClInclude>
    <ClInclude Include="src\aapch.h" />
  </ItemGroup>
  <ItemGroup>
    <ClCompile Include="src\AngA\Application.cpp">
      <Filter>AngA</Filter>
    </ClCompile>
    <ClCompile Include="src\AngA\Log.cpp">
      <Filter>AngA</Filter>
    </ClCompile>
    <ClCompile Include="src\aapch.cpp" />
  </ItemGroup>
</Project>